
Microsoft Visual Studio Solution File, Format Version 12.00
# Visual Studio Version 17
VisualStudioVersion = 17.14.36616.10 d17.14
MinimumVisualStudioVersion = 10.0.40219.1
Project("{FAE04EC0-301F-11D3-BF4B-00C04F79EFBC}") = "WPF", "WPF.csproj", "{3640AE1D-1346-4435-99BD-719F4BFC0D0A}"
EndProject
Global
	GlobalSection(SolutionConfigurationPlatforms) = preSolution
		Debug|Any CPU = Debug|Any CPU
		Release|Any CPU = Release|Any CPU
	EndGlobalSection
	GlobalSection(ProjectConfigurationPlatforms) = postSolution
		{3640AE1D-1346-4435-99BD-719F4BFC0D0A}.Debug|Any CPU.ActiveCfg = Debug|Any CPU
		{3640AE1D-1346-4435-99BD-719F4BFC0D0A}.Debug|Any CPU.Build.0 = Debug|Any CPU
		{3640AE1D-1346-4435-99BD-719F4BFC0D0A}.Release|Any CPU.ActiveCfg = Release|Any CPU
		{3640AE1D-1346-4435-99BD-719F4BFC0D0A}.Release|Any CPU.Build.0 = Release|Any CPU
	EndGlobalSection
	GlobalSection(SolutionProperties) = preSolution
		HideSolutionNode = FALSE
	EndGlobalSection
	GlobalSection(ExtensibilityGlobals) = postSolution
		SolutionGuid = {8DBEA263-7114-4DE4-BF41-0CE0FFDFEC0D}
	EndGlobalSection
EndGlobal
